#MicroXplorer Configuration settings - do not modify
ADC1.Channel-2\#ChannelRegularConversion=ADC_CHANNEL_3
ADC1.IPParameters=Rank-2\#ChannelRegularConversion,Channel-2\#ChannelRegularConversion,SamplingTime-2\#ChannelRegularConversion,OffsetNumber-2\#ChannelRegularConversion,OffsetSignedSaturation-2\#ChannelRegularConversion,NbrOfConversionFlag,master
ADC1.NbrOfConversionFlag=1
ADC1.OffsetNumber-2\#ChannelRegularConversion=ADC_OFFSET_NONE
ADC1.OffsetSignedSaturation-2\#ChannelRegularConversion=DISABLE
ADC1.Rank-2\#ChannelRegularConversion=1
ADC1.SamplingTime-2\#ChannelRegularConversion=ADC_SAMPLETIME_1CYCLE_5
ADC1.master=1
ADC3.Channel-1\#ChannelRegularConversion=ADC_CHANNEL_1
ADC3.IPParameters=Rank-1\#ChannelRegularConversion,Channel-1\#ChannelRegularConversion,SamplingTime-1\#ChannelRegularConversion,OffsetNumber-1\#ChannelRegularConversion,OffsetSignedSaturation-1\#ChannelRegularConversion,NbrOfConversionFlag
ADC3.NbrOfConversionFlag=1
ADC3.OffsetNumber-1\#ChannelRegularConversion=ADC_OFFSET_NONE
ADC3.OffsetSignedSaturation-1\#ChannelRegularConversion=DISABLE
ADC3.Rank-1\#ChannelRegularConversion=1
ADC3.SamplingTime-1\#ChannelRegularConversion=ADC_SAMPLETIME_1CYCLE_5
CortexM4.IPs=DEBUG,FATFS_M4\:I,FREERTOS_M4\:I,IWDG2\:I,PDM2PCM_M4\:I,PWR,RCC,RESMGR_UTILITY,SYS_M4\:I,USB_DEVICE_M4\:I,USB_HOST_M4\:I,WWDG2\:I,DMA,BDMA,MDMA,NVIC2\:I,I2C4\:I,CORTEX_M4\:I,OPENAMP_M4\:I,VREFBUF,I2S2\:I,SAI1\:I
CortexM7.IPs=CORTEX_M7\:I,DEBUG\:I,FATFS_M7\:I,FREERTOS_M7\:I,IWDG1\:I,PDM2PCM_M7\:I,PWR\:I,RCC\:I,RESMGR_UTILITY\:I,SYS\:I,USB_DEVICE_M7\:I,USB_HOST_M7\:I,WWDG1\:I,DMA\:I,BDMA\:I,MDMA\:I,NVIC1\:I,TIM2\:I,TIM3\:I,FMC\:I,DAC1\:I,SDMMC1\:I,LTDC\:I,DSIHOST\:I,RTC\:I,I2C1\:I,I2C2\:I,UART7\:I,OPENAMP_M7\:I,VREFBUF\:I,QUADSPI\:I,USB_OTG_FS\:I,ADC1\:I,ADC3\:I,USART1\:I,USART2\:I,SPI6\:I
DAC1.DAC_Channel-DAC_OUT2=DAC_CHANNEL_2
DAC1.IPParameters=DAC_Channel-DAC_OUT2
DSI_CKN.GPIOParameters=PinAttribute
DSI_CKN.Mode=DSIHost_Video
DSI_CKN.PinAttribute=CortexM7
DSI_CKN.Signal=DSIHOST_CKN
DSI_CKP.GPIOParameters=PinAttribute
DSI_CKP.Mode=DSIHost_Video
DSI_CKP.PinAttribute=CortexM7
DSI_CKP.Signal=DSIHOST_CKP
DSI_D0N.GPIOParameters=PinAttribute
DSI_D0N.Mode=DSIHost_Video
DSI_D0N.PinAttribute=CortexM7
DSI_D0N.Signal=DSIHOST_D0N
DSI_D0P.GPIOParameters=PinAttribute
DSI_D0P.Mode=DSIHost_Video
DSI_D0P.PinAttribute=CortexM7
DSI_D0P.Signal=DSIHOST_D0P
DSI_D1N.GPIOParameters=PinAttribute
DSI_D1N.Mode=DSIHost_Video
DSI_D1N.PinAttribute=CortexM7
DSI_D1N.Signal=DSIHOST_D1N
DSI_D1P.GPIOParameters=PinAttribute
DSI_D1P.Mode=DSIHost_Video
DSI_D1P.PinAttribute=CortexM7
DSI_D1P.Signal=DSIHOST_D1P
FMC.IPParameters=WriteProtection1,SDClockPeriod1,ReadBurst1
FMC.ReadBurst1=FMC_SDRAM_RBURST_ENABLE
FMC.SDClockPeriod1=FMC_SDRAM_CLOCK_PERIOD_2
FMC.WriteProtection1=FMC_SDRAM_WRITE_PROTECTION_ENABLE
File.Version=6
I2S2.ErrorAudioFreq=1.9 %
I2S2.FullDuplexMode=I2S_MODE_MASTER_FD
I2S2.IPParameters=Instance,VirtualMode,FullDuplexMode,RealAudioFreq,ErrorAudioFreq
I2S2.Instance=SPI$Index
I2S2.RealAudioFreq=8.152 KHz
I2S2.VirtualMode=I2S_MODE_MASTER
KeepUserPlacement=false
LTDC.ActiveH=854
LTDC.ActiveW=480
LTDC.IPParameters=ActiveW,ActiveH
Mcu.Context0=CortexM7
Mcu.Context1=CortexM4
Mcu.ContextNb=2
Mcu.Family=STM32H7
Mcu.IP0=ADC1
Mcu.IP1=ADC3
Mcu.IP10=I2C4
Mcu.IP11=I2S2
Mcu.IP12=LTDC
Mcu.IP13=NVIC1
Mcu.IP14=NVIC2
Mcu.IP15=QUADSPI
Mcu.IP16=RCC
Mcu.IP17=RTC
Mcu.IP18=SAI1
Mcu.IP19=SDMMC1
Mcu.IP2=CORTEX_M4
Mcu.IP20=SPI6
Mcu.IP21=SYS
Mcu.IP22=SYS_M4
Mcu.IP23=TIM2
Mcu.IP24=TIM3
Mcu.IP25=UART7
Mcu.IP26=USART1
Mcu.IP27=USART2
Mcu.IP28=USB_OTG_FS
Mcu.IP3=CORTEX_M7
Mcu.IP4=DAC1
Mcu.IP5=DEBUG
Mcu.IP6=DSIHOST
Mcu.IP7=FMC
Mcu.IP8=I2C1
Mcu.IP9=I2C2
Mcu.IPNb=29
Mcu.Name=STM32H747BITx
Mcu.Package=LQFP208
Mcu.Pin0=PE2
Mcu.Pin1=PE3
Mcu.Pin10=PF1
Mcu.Pin100=PI3
Mcu.Pin101=PA14 (JTCK/SWCLK)
Mcu.Pin102=PA15 (JTDI)
Mcu.Pin103=PC10
Mcu.Pin104=PC11
Mcu.Pin105=PC12
Mcu.Pin106=PD0
Mcu.Pin107=PD1
Mcu.Pin108=PD2
Mcu.Pin109=PD5
Mcu.Pin11=PF2
Mcu.Pin110=PG12
Mcu.Pin111=PG13
Mcu.Pin112=PG14
Mcu.Pin113=PG15
Mcu.Pin114=PB3 (JTDO/TRACESWO)
Mcu.Pin115=PB4 (NJTRST)
Mcu.Pin116=PB6
Mcu.Pin117=PB7
Mcu.Pin118=PB9
Mcu.Pin119=PE0
Mcu.Pin12=PF3
Mcu.Pin120=PE1
Mcu.Pin121=PI4
Mcu.Pin122=PI5
Mcu.Pin123=PI6
Mcu.Pin124=PI7
Mcu.Pin125=VP_LTDC_DSIMode
Mcu.Pin126=VP_RTC_VS_RTC_Activate
Mcu.Pin127=VP_SYS_VS_Systick
Mcu.Pin128=VP_SYS_M4_VS_Systick
Mcu.Pin13=PF4
Mcu.Pin14=PF5
Mcu.Pin15=PF6
Mcu.Pin16=PF7
Mcu.Pin17=PF8
Mcu.Pin18=PF9
Mcu.Pin19=PF10
Mcu.Pin2=PE4
Mcu.Pin20=PH0-OSC_IN (PH0)
Mcu.Pin21=PH1-OSC_OUT (PH1)
Mcu.Pin22=PC0
Mcu.Pin23=PC1
Mcu.Pin24=PC2_C
Mcu.Pin25=PC3_C
Mcu.Pin26=PA0
Mcu.Pin27=PA1
Mcu.Pin28=PA2
Mcu.Pin29=PH2
Mcu.Pin3=PE5
Mcu.Pin30=PH3
Mcu.Pin31=PH4
Mcu.Pin32=PA3
Mcu.Pin33=PA4
Mcu.Pin34=PA5
Mcu.Pin35=PA6
Mcu.Pin36=PA7
Mcu.Pin37=PC4
Mcu.Pin38=PC5
Mcu.Pin39=PB0
Mcu.Pin4=PE6
Mcu.Pin40=PB1
Mcu.Pin41=PB2
Mcu.Pin42=PF11
Mcu.Pin43=PF12
Mcu.Pin44=PF13
Mcu.Pin45=PF14
Mcu.Pin46=PF15
Mcu.Pin47=PG0
Mcu.Pin48=PG1
Mcu.Pin49=PE7
Mcu.Pin5=PC14-OSC32_IN (OSC32_IN)
Mcu.Pin50=PE8
Mcu.Pin51=PE9
Mcu.Pin52=PE10
Mcu.Pin53=PE11
Mcu.Pin54=PE12
Mcu.Pin55=PE13
Mcu.Pin56=PE14
Mcu.Pin57=PE15
Mcu.Pin58=PB10
Mcu.Pin59=PB11
Mcu.Pin6=PC15-OSC32_OUT (OSC32_OUT)
Mcu.Pin60=PH8
Mcu.Pin61=PH9
Mcu.Pin62=PH10
Mcu.Pin63=PH11
Mcu.Pin64=PH12
Mcu.Pin65=PB12
Mcu.Pin66=PB13
Mcu.Pin67=PB14
Mcu.Pin68=PB15
Mcu.Pin69=PD8
Mcu.Pin7=PI9
Mcu.Pin70=PD9
Mcu.Pin71=PD10
Mcu.Pin72=PD12
Mcu.Pin73=PD13
Mcu.Pin74=PD14
Mcu.Pin75=PD15
Mcu.Pin76=DSI_D0P
Mcu.Pin77=DSI_D0N
Mcu.Pin78=DSI_CKP
Mcu.Pin79=DSI_CKN
Mcu.Pin8=PI10
Mcu.Pin80=DSI_D1P
Mcu.Pin81=DSI_D1N
Mcu.Pin82=PG4
Mcu.Pin83=PG7
Mcu.Pin84=PG8
Mcu.Pin85=PC6
Mcu.Pin86=PC7
Mcu.Pin87=PC8
Mcu.Pin88=PC9
Mcu.Pin89=PA8
Mcu.Pin9=PF0
Mcu.Pin90=PA10
Mcu.Pin91=PA11
Mcu.Pin92=PA12
Mcu.Pin93=PA13 (JTMS/SWDIO)
Mcu.Pin94=PH13
Mcu.Pin95=PH14
Mcu.Pin96=PH15
Mcu.Pin97=PI0
Mcu.Pin98=PI1
Mcu.Pin99=PI2
Mcu.PinsNb=129
Mcu.ThirdPartyNb=0
Mcu.UserConstants=
Mcu.UserName=STM32H747BITx
MxCube.Version=6.0.0
MxDb.Version=DB.6.0.0
NVIC1.BusFault_IRQn=true\:0\:0\:false\:false\:true\:false\:false
NVIC1.DebugMonitor_IRQn=true\:0\:0\:false\:false\:true\:false\:false
NVIC1.ForceEnableDMAVector=true
NVIC1.HardFault_IRQn=true\:0\:0\:false\:false\:true\:false\:false
NVIC1.MemoryManagement_IRQn=true\:0\:0\:false\:false\:true\:false\:false
NVIC1.NonMaskableInt_IRQn=true\:0\:0\:false\:false\:true\:false\:false
NVIC1.PendSV_IRQn=true\:0\:0\:false\:false\:true\:false\:false
NVIC1.PriorityGroup=NVIC_PRIORITYGROUP_4
NVIC1.SVCall_IRQn=true\:0\:0\:false\:false\:true\:false\:false
NVIC1.SysTick_IRQn=true\:0\:0\:false\:false\:true\:false\:true
NVIC1.UsageFault_IRQn=true\:0\:0\:false\:false\:true\:false\:false
NVIC2.BusFault_IRQn=true\:0\:0\:false\:false\:true\:false\:false
NVIC2.DebugMonitor_IRQn=true\:0\:0\:false\:false\:true\:false\:false
NVIC2.ForceEnableDMAVector=true
NVIC2.HardFault_IRQn=true\:0\:0\:false\:false\:true\:false\:false
NVIC2.MemoryManagement_IRQn=true\:0\:0\:false\:false\:true\:false\:false
NVIC2.NonMaskableInt_IRQn=true\:0\:0\:false\:false\:true\:false\:false
NVIC2.PendSV_IRQn=true\:0\:0\:false\:false\:true\:false\:false
NVIC2.PriorityGroup=NVIC_PRIORITYGROUP_4
NVIC2.SVCall_IRQn=true\:0\:0\:false\:false\:true\:false\:false
NVIC2.SysTick_IRQn=true\:0\:0\:false\:false\:true\:false\:true
NVIC2.UsageFault_IRQn=true\:0\:0\:false\:false\:true\:false\:false
PA0.GPIOParameters=PinAttribute
PA0.Mode=IN16-Single-Ended
PA0.PinAttribute=CortexM7
PA0.Signal=ADC1_INP16
PA1.GPIOParameters=PinAttribute
PA1.PinAttribute=CortexM7
PA1.Signal=S_TIM2_CH2
PA10.GPIOParameters=PinAttribute
PA10.Mode=Asynchronous
PA10.PinAttribute=CortexM7
PA10.Signal=USART1_RX
PA11.GPIOParameters=PinAttribute
PA11.Mode=Device_Only
PA11.PinAttribute=CortexM7
PA11.Signal=USB_OTG_FS_DM
PA12.GPIOParameters=PinAttribute
PA12.Mode=Device_Only
PA12.PinAttribute=CortexM7
PA12.Signal=USB_OTG_FS_DP
PA13\ (JTMS/SWDIO).GPIOParameters=PinAttribute
PA13\ (JTMS/SWDIO).Mode=Trace_Asynchronous_SW
PA13\ (JTMS/SWDIO).PinAttribute=CortexM7
PA13\ (JTMS/SWDIO).Signal=DEBUG_JTMS-SWDIO
PA14\ (JTCK/SWCLK).GPIOParameters=PinAttribute
PA14\ (JTCK/SWCLK).Mode=Trace_Asynchronous_SW
PA14\ (JTCK/SWCLK).PinAttribute=CortexM7
PA14\ (JTCK/SWCLK).Signal=DEBUG_JTCK-SWCLK
PA15\ (JTDI).GPIOParameters=PinAttribute
PA15\ (JTDI).PinAttribute=CortexM7
PA15\ (JTDI).Signal=S_TIM2_CH1
PA2.GPIOParameters=PinAttribute
PA2.PinAttribute=CortexM7
PA2.Signal=ADCx_INP14
PA3.GPIOParameters=PinAttribute
PA3.PinAttribute=CortexM7
PA3.Signal=ADCx_INP15
PA4.GPIOParameters=PinAttribute
PA4.PinAttribute=CortexM7
PA4.Signal=COMP_DAC11_group
PA5.GPIOParameters=PinAttribute
PA5.PinAttribute=CortexM7
PA5.Signal=COMP_DAC12_group
PA6.GPIOParameters=PinAttribute
PA6.PinAttribute=CortexM7
PA6.Signal=ADCx_INP3
PA7.GPIOParameters=PinAttribute
PA7.PinAttribute=CortexM7
PA7.Signal=ADCx_INP7
PA8.GPIOParameters=PinAttribute
PA8.Mode=Asynchronous
PA8.PinAttribute=CortexM7
PA8.Signal=UART7_RX
PB0.GPIOParameters=PinAttribute
PB0.PinAttribute=CortexM7
PB0.Signal=ADCx_INP9
PB1.GPIOParameters=PinAttribute
PB1.PinAttribute=CortexM7
PB1.Signal=ADCx_INP5
PB10.GPIOParameters=PinAttribute
PB10.Mode=Single Bank 1
PB10.PinAttribute=CortexM7
PB10.Signal=QUADSPI_BK1_NCS
PB11.GPIOParameters=PinAttribute
PB11.Mode=I2C
PB11.PinAttribute=CortexM7
PB11.Signal=I2C2_SDA
PB12.GPIOParameters=PinAttribute
PB12.Mode=Full_Duplex_Master
PB12.PinAttribute=CortexM4
PB12.Signal=I2S2_WS
PB13.GPIOParameters=PinAttribute
PB13.Mode=Full_Duplex_Master
PB13.PinAttribute=CortexM4
PB13.Signal=I2S2_CK
PB14.GPIOParameters=PinAttribute
PB14.Mode=Asynchronous
PB14.PinAttribute=CortexM7
PB14.Signal=USART1_TX
PB15.GPIOParameters=PinAttribute
PB15.Mode=Full_Duplex_Master
PB15.PinAttribute=CortexM4
PB15.Signal=I2S2_SDO
PB2.GPIOParameters=PinAttribute
PB2.Mode=Single Bank 1
PB2.PinAttribute=CortexM7
PB2.Signal=QUADSPI_CLK
PB3\ (JTDO/TRACESWO).GPIOParameters=PinAttribute
PB3\ (JTDO/TRACESWO).Mode=Trace_Asynchronous_SW
PB3\ (JTDO/TRACESWO).PinAttribute=CortexM7
PB3\ (JTDO/TRACESWO).Signal=DEBUG_JTDO-SWO
PB4\ (NJTRST).GPIOParameters=PinAttribute
PB4\ (NJTRST).PinAttribute=CortexM7
PB4\ (NJTRST).Signal=S_TIM3_CH1
PB6.GPIOParameters=PinAttribute
PB6.Mode=I2C
PB6.PinAttribute=CortexM7
PB6.Signal=I2C1_SCL
PB7.GPIOParameters=PinAttribute
PB7.Mode=I2C
PB7.PinAttribute=CortexM4
PB7.Signal=I2C4_SDA
PB9.GPIOParameters=PinAttribute
PB9.Mode=I2C
PB9.PinAttribute=CortexM7
PB9.Signal=I2C1_SDA
PC0.GPIOParameters=PinAttribute
PC0.PinAttribute=CortexM7
PC0.Signal=FMC_SDNWE
PC1.GPIOParameters=PinAttribute
PC1.PinAttribute=CortexM7
PC1.Signal=ADCx_INP11
PC10.GPIOParameters=PinAttribute
PC10.Mode=SD_4_bits_Wide_bus
PC10.PinAttribute=CortexM7
PC10.Signal=SDMMC1_D2
PC11.GPIOParameters=PinAttribute
PC11.Mode=SD_4_bits_Wide_bus
PC11.PinAttribute=CortexM7
PC11.Signal=SDMMC1_D3
PC12.GPIOParameters=PinAttribute
PC12.Mode=SD_4_bits_Wide_bus
PC12.PinAttribute=CortexM7
PC12.Signal=SDMMC1_CK
PC14-OSC32_IN\ (OSC32_IN).GPIOParameters=PinAttribute
PC14-OSC32_IN\ (OSC32_IN).Mode=LSE-External-Oscillator
PC14-OSC32_IN\ (OSC32_IN).PinAttribute=CortexM7
PC14-OSC32_IN\ (OSC32_IN).Signal=RCC_OSC32_IN
PC15-OSC32_OUT\ (OSC32_OUT).GPIOParameters=PinAttribute
PC15-OSC32_OUT\ (OSC32_OUT).Mode=LSE-External-Oscillator
PC15-OSC32_OUT\ (OSC32_OUT).PinAttribute=CortexM7
PC15-OSC32_OUT\ (OSC32_OUT).Signal=RCC_OSC32_OUT
PC2_C.GPIOParameters=PinAttribute
PC2_C.Mode=Full_Duplex_Master
PC2_C.PinAttribute=CortexM4
PC2_C.Signal=I2S2_SDI
PC3_C.GPIOParameters=PinAttribute
PC3_C.Mode=IN1-Single-Ended
PC3_C.PinAttribute=CortexM7
PC3_C.Signal=ADC3_INP1
PC4.GPIOParameters=PinAttribute
PC4.PinAttribute=CortexM7
PC4.Signal=ADCx_INP4
PC5.GPIOParameters=PinAttribute
PC5.PinAttribute=CortexM7
PC5.Signal=ADCx_INP8
PC6.GPIOParameters=PinAttribute
PC6.Mode=Master_Clock_Activated
PC6.PinAttribute=CortexM4
PC6.Signal=I2S2_MCK
PC7.GPIOParameters=PinAttribute
PC7.PinAttribute=CortexM7
PC7.Signal=S_TIM3_CH2
PC8.GPIOParameters=PinAttribute
PC8.Mode=SD_4_bits_Wide_bus
PC8.PinAttribute=CortexM7
PC8.Signal=SDMMC1_D0
PC9.GPIOParameters=PinAttribute
PC9.Mode=SD_4_bits_Wide_bus
PC9.PinAttribute=CortexM7
PC9.Signal=SDMMC1_D1
PD0.GPIOParameters=PinAttribute
PD0.PinAttribute=CortexM7
PD0.Signal=FMC_D2_DA2
PD1.GPIOParameters=PinAttribute
PD1.PinAttribute=CortexM7
PD1.Signal=FMC_D3_DA3
PD10.GPIOParameters=PinAttribute
PD10.PinAttribute=CortexM7
PD10.Signal=FMC_D15_DA15
PD12.GPIOParameters=PinAttribute
PD12.Mode=I2C
PD12.PinAttribute=CortexM4
PD12.Signal=I2C4_SCL
PD13.GPIOParameters=PinAttribute
PD13.Mode=Single Bank 1
PD13.PinAttribute=CortexM7
PD13.Signal=QUADSPI_BK1_IO3
PD14.GPIOParameters=PinAttribute
PD14.PinAttribute=CortexM7
PD14.Signal=FMC_D0_DA0
PD15.GPIOParameters=PinAttribute
PD15.PinAttribute=CortexM7
PD15.Signal=FMC_D1_DA1
PD2.GPIOParameters=PinAttribute
PD2.Mode=SD_4_bits_Wide_bus
PD2.PinAttribute=CortexM7
PD2.Signal=SDMMC1_CMD
PD5.GPIOParameters=PinAttribute
PD5.Mode=Half_duplex(single_wire_mode)
PD5.PinAttribute=CortexM7
PD5.Signal=USART2_TX
PD8.GPIOParameters=PinAttribute
PD8.PinAttribute=CortexM7
PD8.Signal=FMC_D13_DA13
PD9.GPIOParameters=PinAttribute
PD9.PinAttribute=CortexM7
PD9.Signal=FMC_D14_DA14
PE0.GPIOParameters=PinAttribute
PE0.PinAttribute=CortexM7
PE0.Signal=FMC_NBL0
PE1.GPIOParameters=PinAttribute
PE1.PinAttribute=CortexM7
PE1.Signal=FMC_NBL1
PE10.GPIOParameters=PinAttribute
PE10.PinAttribute=CortexM7
PE10.Signal=FMC_D7_DA7
PE11.GPIOParameters=PinAttribute
PE11.PinAttribute=CortexM7
PE11.Signal=FMC_D8_DA8
PE12.GPIOParameters=PinAttribute
PE12.PinAttribute=CortexM7
PE12.Signal=FMC_D9_DA9
PE13.GPIOParameters=PinAttribute
PE13.PinAttribute=CortexM7
PE13.Signal=FMC_D10_DA10
PE14.GPIOParameters=PinAttribute
PE14.PinAttribute=CortexM7
PE14.Signal=FMC_D11_DA11
PE15.GPIOParameters=PinAttribute
PE15.PinAttribute=CortexM7
PE15.Signal=FMC_D12_DA12
PE2.GPIOParameters=PinAttribute
PE2.Mode=Single Bank 1
PE2.PinAttribute=CortexM7
PE2.Signal=QUADSPI_BK1_IO2
PE3.GPIOParameters=PinAttribute
PE3.Mode=SAI_B_SyncSlave
PE3.PinAttribute=CortexM4
PE3.Signal=SAI1_SD_B
PE4.GPIOParameters=PinAttribute
PE4.Mode=SAI_A_MasterWithClock
PE4.PinAttribute=CortexM4
PE4.Signal=SAI1_FS_A
PE5.GPIOParameters=PinAttribute
PE5.Mode=SAI_A_MasterWithClock
PE5.PinAttribute=CortexM4
PE5.Signal=SAI1_SCK_A
PE6.GPIOParameters=PinAttribute
PE6.Mode=SAI_A_MasterWithClock
PE6.PinAttribute=CortexM4
PE6.Signal=SAI1_SD_A
PE7.GPIOParameters=PinAttribute
PE7.PinAttribute=CortexM7
PE7.Signal=FMC_D4_DA4
PE8.GPIOParameters=PinAttribute
PE8.PinAttribute=CortexM7
PE8.Signal=FMC_D5_DA5
PE9.GPIOParameters=PinAttribute
PE9.PinAttribute=CortexM7
PE9.Signal=FMC_D6_DA6
PF0.GPIOParameters=PinAttribute
PF0.PinAttribute=CortexM7
PF0.Signal=FMC_A0
PF1.GPIOParameters=PinAttribute
PF1.PinAttribute=CortexM7
PF1.Signal=FMC_A1
PF10.GPIOParameters=PinAttribute
PF10.Mode=IN6-Single-Ended
PF10.PinAttribute=CortexM7
PF10.Signal=ADC3_INP6
PF11.GPIOParameters=PinAttribute
PF11.PinAttribute=CortexM7
PF11.Signal=FMC_SDNRAS
PF12.GPIOParameters=PinAttribute
PF12.PinAttribute=CortexM7
PF12.Signal=FMC_A6
PF13.GPIOParameters=PinAttribute
PF13.PinAttribute=CortexM7
PF13.Signal=FMC_A7
PF14.GPIOParameters=PinAttribute
PF14.PinAttribute=CortexM7
PF14.Signal=FMC_A8
PF15.GPIOParameters=PinAttribute
PF15.PinAttribute=CortexM7
PF15.Signal=FMC_A9
PF2.GPIOParameters=PinAttribute
PF2.PinAttribute=CortexM7
PF2.Signal=FMC_A2
PF3.GPIOParameters=PinAttribute
PF3.PinAttribute=CortexM7
PF3.Signal=FMC_A3
PF4.GPIOParameters=PinAttribute
PF4.PinAttribute=CortexM7
PF4.Signal=FMC_A4
PF5.GPIOParameters=PinAttribute
PF5.PinAttribute=CortexM7
PF5.Signal=FMC_A5
PF6.GPIOParameters=PinAttribute
PF6.Mode=IN8-Single-Ended
PF6.PinAttribute=CortexM7
PF6.Signal=ADC3_INP8
PF7.GPIOParameters=PinAttribute
PF7.Mode=Asynchronous
PF7.PinAttribute=CortexM7
PF7.Signal=UART7_TX
PF8.GPIOParameters=PinAttribute
PF8.Mode=Single Bank 1
PF8.PinAttribute=CortexM7
PF8.Signal=QUADSPI_BK1_IO0
PF9.GPIOParameters=PinAttribute
PF9.Mode=Single Bank 1
PF9.PinAttribute=CortexM7
PF9.Signal=QUADSPI_BK1_IO1
PG0.GPIOParameters=PinAttribute
PG0.PinAttribute=CortexM7
PG0.Signal=FMC_A10
PG1.GPIOParameters=PinAttribute
PG1.PinAttribute=CortexM7
PG1.Signal=FMC_A11
PG12.GPIOParameters=PinAttribute
PG12.Mode=Full_Duplex_Master
PG12.PinAttribute=CortexM7
PG12.Signal=SPI6_MISO
PG13.GPIOParameters=PinAttribute
PG13.Mode=Full_Duplex_Master
PG13.PinAttribute=CortexM7
PG13.Signal=SPI6_SCK
PG14.GPIOParameters=PinAttribute
PG14.Mode=Full_Duplex_Master
PG14.PinAttribute=CortexM7
PG14.Signal=SPI6_MOSI
PG15.GPIOParameters=PinAttribute
PG15.PinAttribute=CortexM7
PG15.Signal=FMC_SDNCAS
PG4.GPIOParameters=PinAttribute
PG4.PinAttribute=CortexM7
PG4.Signal=FMC_A14_BA0
PG7.GPIOParameters=PinAttribute
PG7.Mode=SAI_A_MasterWithClock
PG7.PinAttribute=CortexM4
PG7.Signal=SAI1_MCLK_A
PG8.GPIOParameters=PinAttribute
PG8.PinAttribute=CortexM7
PG8.Signal=FMC_SDCLK
PH0-OSC_IN\ (PH0).GPIOParameters=PinAttribute
PH0-OSC_IN\ (PH0).Mode=HSE-External-Oscillator
PH0-OSC_IN\ (PH0).PinAttribute=CortexM7
PH0-OSC_IN\ (PH0).Signal=RCC_OSC_IN
PH1-OSC_OUT\ (PH1).GPIOParameters=PinAttribute
PH1-OSC_OUT\ (PH1).Mode=HSE-External-Oscillator
PH1-OSC_OUT\ (PH1).PinAttribute=CortexM7
PH1-OSC_OUT\ (PH1).Signal=RCC_OSC_OUT
PH10.GPIOParameters=PinAttribute
PH10.PinAttribute=CortexM7
PH10.Signal=FMC_D18
PH11.GPIOParameters=PinAttribute
PH11.PinAttribute=CortexM7
PH11.Signal=FMC_D19
PH12.GPIOParameters=PinAttribute
PH12.PinAttribute=CortexM7
PH12.Signal=FMC_D20
PH13.GPIOParameters=PinAttribute
PH13.PinAttribute=CortexM7
PH13.Signal=FMC_D21
PH14.GPIOParameters=PinAttribute
PH14.PinAttribute=CortexM7
PH14.Signal=FMC_D22
PH15.GPIOParameters=PinAttribute
PH15.PinAttribute=CortexM7
PH15.Signal=FMC_D23
PH2.GPIOParameters=PinAttribute
PH2.Mode=SdramChipSelect1_1
PH2.PinAttribute=CortexM7
PH2.Signal=FMC_SDCKE0
PH3.GPIOParameters=PinAttribute
PH3.Mode=SdramChipSelect1_1
PH3.PinAttribute=CortexM7
PH3.Signal=FMC_SDNE0
PH4.GPIOParameters=PinAttribute
PH4.Mode=I2C
PH4.PinAttribute=CortexM7
PH4.Signal=I2C2_SCL
PH8.GPIOParameters=PinAttribute
PH8.PinAttribute=CortexM7
PH8.Signal=FMC_D16
PH9.GPIOParameters=PinAttribute
PH9.PinAttribute=CortexM7
PH9.Signal=FMC_D17
PI0.GPIOParameters=PinAttribute
PI0.PinAttribute=CortexM7
PI0.Signal=FMC_D24
PI1.GPIOParameters=PinAttribute
PI1.PinAttribute=CortexM7
PI1.Signal=FMC_D25
PI10.GPIOParameters=PinAttribute
PI10.PinAttribute=CortexM7
PI10.Signal=FMC_D31
PI2.GPIOParameters=PinAttribute
PI2.PinAttribute=CortexM7
PI2.Signal=FMC_D26
PI3.GPIOParameters=PinAttribute
PI3.PinAttribute=CortexM7
PI3.Signal=FMC_D27
PI4.GPIOParameters=PinAttribute
PI4.PinAttribute=CortexM7
PI4.Signal=FMC_NBL2
PI5.GPIOParameters=PinAttribute
PI5.PinAttribute=CortexM7
PI5.Signal=FMC_NBL3
PI6.GPIOParameters=PinAttribute
PI6.PinAttribute=CortexM7
PI6.Signal=FMC_D28
PI7.GPIOParameters=PinAttribute
PI7.PinAttribute=CortexM7
PI7.Signal=FMC_D29
PI9.GPIOParameters=PinAttribute
PI9.PinAttribute=CortexM7
PI9.Signal=FMC_D30
PinOutPanel.RotationAngle=0
ProjectManager.AskForMigrate=true
ProjectManager.BackupPrevious=false
ProjectManager.BootMode=boot0
ProjectManager.CompilerOptimize=6
ProjectManager.ComputerToolchain=false
ProjectManager.CoupleFile=false
ProjectManager.CustomerFirmwarePackage=
ProjectManager.DefaultFWLocation=true
ProjectManager.DeletePrevious=true
ProjectManager.DeviceId=STM32H747BITx
ProjectManager.FirmwarePackage=STM32Cube FW_H7 V1.8.0
ProjectManager.FreePins=false
ProjectManager.HalAssertFull=false
ProjectManager.HeapSize=0x200
ProjectManager.KeepUserCode=true
ProjectManager.LastFirmware=true
ProjectManager.LibraryCopy=1
ProjectManager.MainLocation=Src
ProjectManager.NoMain=true
ProjectManager.PreviousToolchain=
ProjectManager.ProjectBuild=false
ProjectManager.ProjectFileName=mchf.ioc
ProjectManager.ProjectName=mchf
ProjectManager.RegisterCallBack=
ProjectManager.StackSize=0x400
ProjectManager.TargetToolchain=SW4STM32
ProjectManager.ToolChainLocation=
ProjectManager.UnderRoot=false
ProjectManager.functionlistsort=1-MX_GPIO_Init-GPIO-false-HAL-true-CortexM7,2-SystemClock_Config-RCC-false-HAL-false-CortexM7,3-MX_DAC1_Init-DAC1-true-HAL-false-CortexM7,4-MX_DSIHOST_DSI_Init-DSIHOST-true-HAL-false-CortexM7,5-MX_FMC_Init-FMC-true-HAL-false-CortexM7,6-MX_I2C1_Init-I2C1-true-HAL-false-CortexM7,7-MX_I2C2_Init-I2C2-true-HAL-false-CortexM7,8-MX_LTDC_Init-LTDC-true-HAL-false-CortexM7,9-MX_RTC_Init-RTC-true-HAL-false-CortexM7,10-MX_SDMMC1_SD_Init-SDMMC1-true-HAL-false-CortexM7,11-MX_TIM2_Init-TIM2-true-HAL-false-CortexM7,12-MX_TIM3_Init-TIM3-true-HAL-false-CortexM7,13-MX_UART7_Init-UART7-true-HAL-false-CortexM7,14-MX_ADC1_Init-ADC1-false-HAL-true-CortexM7,15-MX_QUADSPI_Init-QUADSPI-false-HAL-true-CortexM7,16-MX_ADC3_Init-ADC3-false-HAL-true-CortexM7,17-MX_SPI6_Init-SPI6-false-HAL-true-CortexM7,18-MX_USART1_UART_Init-USART1-false-HAL-true-CortexM7,19-MX_USART2_UART_Init-USART2-false-HAL-true-CortexM7,20-MX_USB_OTG_FS_PCD_Init-USB_OTG_FS-false-HAL-true-CortexM7,1-MX_GPIO_Init-GPIO-false-HAL-true-CortexM4,2-MX_I2C4_Init-I2C4-true-HAL-false-CortexM4,3-MX_SAI1_Init-SAI1-true-HAL-false-CortexM4,4-MX_I2S2_Init-I2S2-false-HAL-true-CortexM4,0-MX_CORTEX_M7_Init-CORTEX_M7-false-HAL-true-CortexM7,0-MX_CORTEX_M4_Init-CORTEX_M4-false-HAL-true-CortexM4
RCC.ADCFreq_Value=150000000
RCC.AHB12Freq_Value=64000000
RCC.AHB4Freq_Value=64000000
RCC.APB1Freq_Value=64000000
RCC.APB2Freq_Value=64000000
RCC.APB3Freq_Value=64000000
RCC.APB4Freq_Value=64000000
RCC.AXIClockFreq_Value=64000000
RCC.CECFreq_Value=32000
RCC.CKPERFreq_Value=64000000
RCC.CPU2Freq_Value=64000000
RCC.CPU2SystikFreq_Value=64000000
RCC.CortexFreq_Value=64000000
RCC.CpuClockFreq_Value=64000000
RCC.D1CPREFreq_Value=64000000
RCC.DFSDMACLkFreq_Value=48000000
RCC.DFSDMFreq_Value=64000000
RCC.DIVM1=5
RCC.DIVM2=2
RCC.DIVM3=5
RCC.DIVN1=48
RCC.DIVN2=12
RCC.DIVN3=132
RCC.DIVP1Freq_Value=120000000
RCC.DIVP2=1
RCC.DIVP2Freq_Value=150000000
RCC.DIVP3Freq_Value=330000000
RCC.DIVQ1=5
RCC.DIVQ1Freq_Value=48000000
RCC.DIVQ2Freq_Value=75000000
RCC.DIVQ3Freq_Value=330000000
RCC.DIVR1Freq_Value=120000000
RCC.DIVR2Freq_Value=75000000
RCC.DIVR3=24
RCC.DIVR3Freq_Value=27500000
RCC.DSIFreq_Value=58750000
RCC.DSITXEscFreq_Value=14687500
RCC.FDCANFreq_Value=48000000
RCC.FMCFreq_Value=64000000
RCC.FamilyName=M
RCC.HCLK3ClockFreq_Value=64000000
RCC.HCLKFreq_Value=64000000
RCC.HRTIMFreq_Value=64000000
RCC.I2C123Freq_Value=64000000
RCC.I2C4Freq_Value=64000000
RCC.IPParameters=ADCFreq_Value,AHB12Freq_Value,AHB4Freq_Value,APB1Freq_Value,APB2Freq_Value,APB3Freq_Value,APB4Freq_Value,AXIClockFreq_Value,CECFreq_Value,CKPERFreq_Value,CPU2Freq_Value,CPU2SystikFreq_Value,CortexFreq_Value,CpuClockFreq_Value,D1CPREFreq_Value,DFSDMACLkFreq_Value,DFSDMFreq_Value,DIVM1,DIVM2,DIVM3,DIVN1,DIVN2,DIVN3,DIVP1Freq_Value,DIVP2,DIVP2Freq_Value,DIVP3Freq_Value,DIVQ1,DIVQ1Freq_Value,DIVQ2Freq_Value,DIVQ3Freq_Value,DIVR1Freq_Value,DIVR2Freq_Value,DIVR3,DIVR3Freq_Value,DSIFreq_Value,DSITXEscFreq_Value,FDCANFreq_Value,FMCFreq_Value,FamilyName,HCLK3ClockFreq_Value,HCLKFreq_Value,HRTIMFreq_Value,I2C123Freq_Value,I2C4Freq_Value,LPTIM1Freq_Value,LPTIM2Freq_Value,LPTIM345Freq_Value,LPUART1Freq_Value,LTDCFreq_Value,MCO1PinFreq_Value,MCO2PinFreq_Value,PLL2FRACN,PLLDSIFreq_Value,PLLDSIIDF,PLLDSINDIV,PLLDSIVCOFreq_Value,PLLFRACN,PLLSourceVirtual,QSPIFreq_Value,RNGFreq_Value,RTCFreq_Value,SAI1Freq_Value,SAI23Freq_Value,SAI4AFreq_Value,SAI4BFreq_Value,SDMMCFreq_Value,SPDIFRXFreq_Value,SPI123Freq_Value,SPI45Freq_Value,SPI6Freq_Value,SWPMI1Freq_Value,SYSCLKFreq_VALUE,Tim1OutputFreq_Value,Tim2OutputFreq_Value,TraceFreq_Value,USART16Freq_Value,USART234578Freq_Value,USBFreq_Value,VCO1OutputFreq_Value,VCO2OutputFreq_Value,VCO3OutputFreq_Value,VCOInput1Freq_Value,VCOInput2Freq_Value,VCOInput3Freq_Value
RCC.LPTIM1Freq_Value=64000000
RCC.LPTIM2Freq_Value=64000000
RCC.LPTIM345Freq_Value=64000000
RCC.LPUART1Freq_Value=64000000
RCC.LTDCFreq_Value=27500000
RCC.MCO1PinFreq_Value=64000000
RCC.MCO2PinFreq_Value=64000000
RCC.PLL2FRACN=0
RCC.PLLDSIFreq_Value=470000000
RCC.PLLDSIIDF=DSI_PLL_IN_DIV5
RCC.PLLDSINDIV=94
RCC.PLLDSIVCOFreq_Value=940000000
RCC.PLLFRACN=0
RCC.PLLSourceVirtual=RCC_PLLSOURCE_HSE
RCC.QSPIFreq_Value=64000000
RCC.RNGFreq_Value=48000000
RCC.RTCFreq_Value=32000
RCC.SAI1Freq_Value=48000000
RCC.SAI23Freq_Value=48000000
RCC.SAI4AFreq_Value=48000000
RCC.SAI4BFreq_Value=48000000
RCC.SDMMCFreq_Value=48000000
RCC.SPDIFRXFreq_Value=48000000
RCC.SPI123Freq_Value=48000000
RCC.SPI45Freq_Value=64000000
RCC.SPI6Freq_Value=64000000
RCC.SWPMI1Freq_Value=64000000
RCC.SYSCLKFreq_VALUE=64000000
RCC.Tim1OutputFreq_Value=64000000
RCC.Tim2OutputFreq_Value=64000000
RCC.TraceFreq_Value=64000000
RCC.USART16Freq_Value=64000000
RCC.USART234578Freq_Value=64000000
RCC.USBFreq_Value=48000000
RCC.VCO1OutputFreq_Value=240000000
RCC.VCO2OutputFreq_Value=150000000
RCC.VCO3OutputFreq_Value=660000000
RCC.VCOInput1Freq_Value=5000000
RCC.VCOInput2Freq_Value=12500000
RCC.VCOInput3Freq_Value=5000000
SAI1.ErrorAudioFreq-SAI_A_MasterWithClock=-2.34 %
SAI1.IPParameters=Instance-SAI_A_MasterWithClock,VirtualMode-SAI_A_MasterWithClock,MClockEnable-SAI_A_MasterWithClock,RealAudioFreq-SAI_A_MasterWithClock,ErrorAudioFreq-SAI_A_MasterWithClock,Instance-SAI_B_SyncSlave,VirtualMode-SAI_B_SyncSlave
SAI1.Instance-SAI_A_MasterWithClock=SAI$Index_Block_A
SAI1.Instance-SAI_B_SyncSlave=SAI$Index_Block_B
SAI1.MClockEnable-SAI_A_MasterWithClock=SAI_MASTERCLOCK_ENABLE
SAI1.RealAudioFreq-SAI_A_MasterWithClock=187.5 KHz
SAI1.VirtualMode-SAI_A_MasterWithClock=VM_MASTER
SAI1.VirtualMode-SAI_B_SyncSlave=VM_SLAVE
SH.ADCx_INP11.0=ADC1_INP11,IN11-Single-Ended
SH.ADCx_INP11.ConfNb=1
SH.ADCx_INP14.0=ADC1_INP14,IN14-Single-Ended
SH.ADCx_INP14.ConfNb=1
SH.ADCx_INP15.0=ADC1_INP15,IN15-Single-Ended
SH.ADCx_INP15.ConfNb=1
SH.ADCx_INP3.0=ADC1_INP3,IN3-Single-Ended
SH.ADCx_INP3.ConfNb=1
SH.ADCx_INP4.0=ADC1_INP4,IN4-Single-Ended
SH.ADCx_INP4.ConfNb=1
SH.ADCx_INP5.0=ADC1_INP5,IN5-Single-Ended
SH.ADCx_INP5.ConfNb=1
SH.ADCx_INP7.0=ADC1_INP7,IN7-Single-Ended
SH.ADCx_INP7.ConfNb=1
SH.ADCx_INP8.0=ADC1_INP8,IN8-Single-Ended
SH.ADCx_INP8.ConfNb=1
SH.ADCx_INP9.0=ADC1_INP9,IN9-Single-Ended
SH.ADCx_INP9.ConfNb=1
SH.COMP_DAC11_group.0=DAC1_OUT1,DAC_OUT1
SH.COMP_DAC11_group.ConfNb=1
SH.COMP_DAC12_group.0=DAC1_OUT2,DAC_OUT2
SH.COMP_DAC12_group.ConfNb=1
SH.FMC_A0.0=FMC_A0,12b-sda1
SH.FMC_A0.ConfNb=1
SH.FMC_A1.0=FMC_A1,12b-sda1
SH.FMC_A1.ConfNb=1
SH.FMC_A10.0=FMC_A10,12b-sda1
SH.FMC_A10.ConfNb=1
SH.FMC_A11.0=FMC_A11,12b-sda1
SH.FMC_A11.ConfNb=1
SH.FMC_A14_BA0.0=FMC_BA0,TwoSdramBanks1
SH.FMC_A14_BA0.ConfNb=1
SH.FMC_A2.0=FMC_A2,12b-sda1
SH.FMC_A2.ConfNb=1
SH.FMC_A3.0=FMC_A3,12b-sda1
SH.FMC_A3.ConfNb=1
SH.FMC_A4.0=FMC_A4,12b-sda1
SH.FMC_A4.ConfNb=1
SH.FMC_A5.0=FMC_A5,12b-sda1
SH.FMC_A5.ConfNb=1
SH.FMC_A6.0=FMC_A6,12b-sda1
SH.FMC_A6.ConfNb=1
SH.FMC_A7.0=FMC_A7,12b-sda1
SH.FMC_A7.ConfNb=1
SH.FMC_A8.0=FMC_A8,12b-sda1
SH.FMC_A8.ConfNb=1
SH.FMC_A9.0=FMC_A9,12b-sda1
SH.FMC_A9.ConfNb=1
SH.FMC_D0_DA0.0=FMC_D0,sd-32b-d1
SH.FMC_D0_DA0.ConfNb=1
SH.FMC_D10_DA10.0=FMC_D10,sd-32b-d1
SH.FMC_D10_DA10.ConfNb=1
SH.FMC_D11_DA11.0=FMC_D11,sd-32b-d1
SH.FMC_D11_DA11.ConfNb=1
SH.FMC_D12_DA12.0=FMC_D12,sd-32b-d1
SH.FMC_D12_DA12.ConfNb=1
SH.FMC_D13_DA13.0=FMC_D13,sd-32b-d1
SH.FMC_D13_DA13.ConfNb=1
SH.FMC_D14_DA14.0=FMC_D14,sd-32b-d1
SH.FMC_D14_DA14.ConfNb=1
SH.FMC_D15_DA15.0=FMC_D15,sd-32b-d1
SH.FMC_D15_DA15.ConfNb=1
SH.FMC_D16.0=FMC_D16,sd-32b-d1
SH.FMC_D16.ConfNb=1
SH.FMC_D17.0=FMC_D17,sd-32b-d1
SH.FMC_D17.ConfNb=1
SH.FMC_D18.0=FMC_D18,sd-32b-d1
SH.FMC_D18.ConfNb=1
SH.FMC_D19.0=FMC_D19,sd-32b-d1
SH.FMC_D19.ConfNb=1
SH.FMC_D1_DA1.0=FMC_D1,sd-32b-d1
SH.FMC_D1_DA1.ConfNb=1
SH.FMC_D20.0=FMC_D20,sd-32b-d1
SH.FMC_D20.ConfNb=1
SH.FMC_D21.0=FMC_D21,sd-32b-d1
SH.FMC_D21.ConfNb=1
SH.FMC_D22.0=FMC_D22,sd-32b-d1
SH.FMC_D22.ConfNb=1
SH.FMC_D23.0=FMC_D23,sd-32b-d1
SH.FMC_D23.ConfNb=1
SH.FMC_D24.0=FMC_D24,sd-32b-d1
SH.FMC_D24.ConfNb=1
SH.FMC_D25.0=FMC_D25,sd-32b-d1
SH.FMC_D25.ConfNb=1
SH.FMC_D26.0=FMC_D26,sd-32b-d1
SH.FMC_D26.ConfNb=1
SH.FMC_D27.0=FMC_D27,sd-32b-d1
SH.FMC_D27.ConfNb=1
SH.FMC_D28.0=FMC_D28,sd-32b-d1
SH.FMC_D28.ConfNb=1
SH.FMC_D29.0=FMC_D29,sd-32b-d1
SH.FMC_D29.ConfNb=1
SH.FMC_D2_DA2.0=FMC_D2,sd-32b-d1
SH.FMC_D2_DA2.ConfNb=1
SH.FMC_D30.0=FMC_D30,sd-32b-d1
SH.FMC_D30.ConfNb=1
SH.FMC_D31.0=FMC_D31,sd-32b-d1
SH.FMC_D31.ConfNb=1
SH.FMC_D3_DA3.0=FMC_D3,sd-32b-d1
SH.FMC_D3_DA3.ConfNb=1
SH.FMC_D4_DA4.0=FMC_D4,sd-32b-d1
SH.FMC_D4_DA4.ConfNb=1
SH.FMC_D5_DA5.0=FMC_D5,sd-32b-d1
SH.FMC_D5_DA5.ConfNb=1
SH.FMC_D6_DA6.0=FMC_D6,sd-32b-d1
SH.FMC_D6_DA6.ConfNb=1
SH.FMC_D7_DA7.0=FMC_D7,sd-32b-d1
SH.FMC_D7_DA7.ConfNb=1
SH.FMC_D8_DA8.0=FMC_D8,sd-32b-d1
SH.FMC_D8_DA8.ConfNb=1
SH.FMC_D9_DA9.0=FMC_D9,sd-32b-d1
SH.FMC_D9_DA9.ConfNb=1
SH.FMC_NBL0.0=FMC_NBL0,Sd4ByteEnable1
SH.FMC_NBL0.ConfNb=1
SH.FMC_NBL1.0=FMC_NBL1,Sd4ByteEnable1
SH.FMC_NBL1.ConfNb=1
SH.FMC_NBL2.0=FMC_NBL2,Sd4ByteEnable1
SH.FMC_NBL2.ConfNb=1
SH.FMC_NBL3.0=FMC_NBL3,Sd4ByteEnable1
SH.FMC_NBL3.ConfNb=1
SH.FMC_SDCLK.0=FMC_SDCLK,12b-sda1
SH.FMC_SDCLK.ConfNb=1
SH.FMC_SDNCAS.0=FMC_SDNCAS,12b-sda1
SH.FMC_SDNCAS.ConfNb=1
SH.FMC_SDNRAS.0=FMC_SDNRAS,12b-sda1
SH.FMC_SDNRAS.ConfNb=1
SH.FMC_SDNWE.0=FMC_SDNWE,12b-sda1
SH.FMC_SDNWE.ConfNb=1
SH.S_TIM2_CH1.0=TIM2_CH1,Encoder_Interface
SH.S_TIM2_CH1.ConfNb=1
SH.S_TIM2_CH2.0=TIM2_CH2,Encoder_Interface
SH.S_TIM2_CH2.ConfNb=1
SH.S_TIM3_CH1.0=TIM3_CH1,Encoder_Interface
SH.S_TIM3_CH1.ConfNb=1
SH.S_TIM3_CH2.0=TIM3_CH2,Encoder_Interface
SH.S_TIM3_CH2.ConfNb=1
SPI6.CalculateBaudRate=32.0 MBits/s
SPI6.Direction=SPI_DIRECTION_2LINES
SPI6.IPParameters=VirtualType,Mode,Direction,CalculateBaudRate
SPI6.Mode=SPI_MODE_MASTER
SPI6.VirtualType=VM_MASTER
USART1.IPParameters=VirtualMode-Asynchronous
USART1.VirtualMode-Asynchronous=VM_ASYNC
USART2.IPParameters=VirtualMode-Half_duplex(single_wire_mode)
USART2.VirtualMode-Half_duplex(single_wire_mode)=VM_ASYNC
USB_OTG_FS.IPParameters=VirtualMode
USB_OTG_FS.VirtualMode=Device_Only
VP_LTDC_DSIMode.Mode=RGB888
VP_LTDC_DSIMode.Signal=LTDC_DSIMode
VP_RTC_VS_RTC_Activate.Mode=RTC_Enabled
VP_RTC_VS_RTC_Activate.Signal=RTC_VS_RTC_Activate
VP_SYS_M4_VS_Systick.Mode=SysTick
VP_SYS_M4_VS_Systick.Signal=SYS_M4_VS_Systick
VP_SYS_VS_Systick.Mode=SysTick
VP_SYS_VS_Systick.Signal=SYS_VS_Systick
board=custom
