#MicroXplorer Configuration settings - do not modify
CortexM4.IPs=BDMA,DEBUG,DMA,FATFS_M4\:I,FREERTOS_M4\:I,IWDG2\:I,MDMA,NVIC2\:I,PDM2PCM_M4\:I,PWR,RCC,RESMGR_UTILITY,SYS_M4\:I,USB_DEVICE_M4\:I,USB_HOST_M4\:I,WWDG2\:I,SAI1\:I,I2C4\:I,SAI2\:I,I2S1\:I,CORTEX_M4\:I,OPENAMP_M4\:I,VREFBUF
CortexM7.IPs=BDMA\:I,CORTEX_M7\:I,DEBUG\:I,DMA\:I,FATFS_M7\:I,FREERTOS_M7\:I,IWDG1\:I,MDMA\:I,NVIC1\:I,PDM2PCM_M7\:I,PWR\:I,RCC\:I,RESMGR_UTILITY\:I,SYS\:I,USB_DEVICE_M7\:I,USB_HOST_M7\:I,WWDG1\:I,CRC\:I,DMA2D\:I,USART2\:I,USART3\:I,OPENAMP_M7\:I,VREFBUF\:I
File.Version=6
I2S1.ErrorAudioFreq=-0.02 %
I2S1.FullDuplexMode=I2S_MODE_MASTER_FD
I2S1.IPParameters=Instance,RealAudioFreq,ErrorAudioFreq,VirtualMode,FullDuplexMode
I2S1.Instance=SPI$Index
I2S1.RealAudioFreq=7.998 KHz
I2S1.VirtualMode=I2S_MODE_MASTER
KeepUserPlacement=false
Mcu.Context0=CortexM7
Mcu.Context1=CortexM4
Mcu.ContextNb=2
Mcu.Family=STM32H7
Mcu.IP0=CORTEX_M4
Mcu.IP1=CORTEX_M7
Mcu.IP10=SYS
Mcu.IP11=SYS_M4
Mcu.IP12=USART2
Mcu.IP13=USART3
Mcu.IP2=DEBUG
Mcu.IP3=I2C4
Mcu.IP4=I2S1
Mcu.IP5=NVIC1
Mcu.IP6=NVIC2
Mcu.IP7=RCC
Mcu.IP8=SAI1
Mcu.IP9=SAI2
Mcu.IPNb=14
Mcu.Name=STM32H747IITx
Mcu.Package=LQFP176
Mcu.Pin0=PE2
Mcu.Pin1=PE3
Mcu.Pin10=PA0
Mcu.Pin11=PA1
Mcu.Pin12=PA2
Mcu.Pin13=PA3
Mcu.Pin14=PA4
Mcu.Pin15=PA5
Mcu.Pin16=PA6
Mcu.Pin17=PA7
Mcu.Pin18=PF14
Mcu.Pin19=PF15
Mcu.Pin2=PE4
Mcu.Pin20=PE12
Mcu.Pin21=PB10
Mcu.Pin22=PB11
Mcu.Pin23=PD11
Mcu.Pin24=PD12
Mcu.Pin25=PD13
Mcu.Pin26=PA13 (JTMS/SWDIO)
Mcu.Pin27=PA14 (JTCK/SWCLK)
Mcu.Pin28=PB3 (JTDO/TRACESWO)
Mcu.Pin29=PE0
Mcu.Pin3=PE5
Mcu.Pin30=VP_SAI1_VP_$IpInstance_SAIA_SAI_BASIC
Mcu.Pin31=VP_SAI1_VP_$IpInstance_SAIB_SAI_BASIC
Mcu.Pin32=VP_SYS_VS_Systick
Mcu.Pin33=VP_SYS_M4_VS_Systick
Mcu.Pin4=PE6
Mcu.Pin5=PF7
Mcu.Pin6=PF8
Mcu.Pin7=PF9
Mcu.Pin8=PH0-OSC_IN (PH0)
Mcu.Pin9=PC0
Mcu.PinsNb=34
Mcu.ThirdPartyNb=0
Mcu.UserConstants=
Mcu.UserName=STM32H747IITx
MxCube.Version=6.0.0
MxDb.Version=DB.6.0.0
NVIC1.BusFault_IRQn=true\:0\:0\:false\:false\:true\:false\:false
NVIC1.DebugMonitor_IRQn=true\:0\:0\:false\:false\:true\:false\:false
NVIC1.ForceEnableDMAVector=true
NVIC1.HardFault_IRQn=true\:0\:0\:false\:false\:true\:false\:false
NVIC1.MemoryManagement_IRQn=true\:0\:0\:false\:false\:true\:false\:false
NVIC1.NonMaskableInt_IRQn=true\:0\:0\:false\:false\:true\:false\:false
NVIC1.PendSV_IRQn=true\:0\:0\:false\:false\:true\:false\:false
NVIC1.PriorityGroup=NVIC_PRIORITYGROUP_4
NVIC1.SVCall_IRQn=true\:0\:0\:false\:false\:true\:false\:false
NVIC1.SysTick_IRQn=true\:0\:0\:false\:false\:true\:false\:true
NVIC1.UsageFault_IRQn=true\:0\:0\:false\:false\:true\:false\:false
NVIC2.BusFault_IRQn=true\:0\:0\:false\:false\:true\:false\:false
NVIC2.DebugMonitor_IRQn=true\:0\:0\:false\:false\:true\:false\:false
NVIC2.ForceEnableDMAVector=true
NVIC2.HardFault_IRQn=true\:0\:0\:false\:false\:true\:false\:false
NVIC2.MemoryManagement_IRQn=true\:0\:0\:false\:false\:true\:false\:false
NVIC2.NonMaskableInt_IRQn=true\:0\:0\:false\:false\:true\:false\:false
NVIC2.PendSV_IRQn=true\:0\:0\:false\:false\:true\:false\:false
NVIC2.PriorityGroup=NVIC_PRIORITYGROUP_4
NVIC2.SVCall_IRQn=true\:0\:0\:false\:false\:true\:false\:false
NVIC2.SysTick_IRQn=true\:0\:0\:false\:false\:true\:false\:true
NVIC2.UsageFault_IRQn=true\:0\:0\:false\:false\:true\:false\:false
PA0.GPIOParameters=PinAttribute
PA0.Mode=SAI_B_MasterWithClock
PA0.PinAttribute=CortexM4
PA0.Signal=SAI2_SD_B
PA1.GPIOParameters=PinAttribute
PA1.Mode=SAI_B_MasterWithClock
PA1.PinAttribute=CortexM4
PA1.Signal=SAI2_MCLK_B
PA13\ (JTMS/SWDIO).GPIOParameters=PinAttribute
PA13\ (JTMS/SWDIO).Mode=Trace_Asynchronous_SW
PA13\ (JTMS/SWDIO).PinAttribute=CortexM7
PA13\ (JTMS/SWDIO).Signal=DEBUG_JTMS-SWDIO
PA14\ (JTCK/SWCLK).GPIOParameters=PinAttribute
PA14\ (JTCK/SWCLK).Mode=Trace_Asynchronous_SW
PA14\ (JTCK/SWCLK).PinAttribute=CortexM7
PA14\ (JTCK/SWCLK).Signal=DEBUG_JTCK-SWCLK
PA2.GPIOParameters=GPIO_ModeDefaultPP,GPIO_Speed,GPIO_PuPd,PinAttribute
PA2.GPIO_ModeDefaultPP=GPIO_MODE_AF_PP
PA2.GPIO_PuPd=GPIO_NOPULL
PA2.GPIO_Speed=GPIO_SPEED_FREQ_LOW
PA2.Mode=Asynchronous
PA2.PinAttribute=CortexM7
PA2.Signal=USART2_TX
PA3.GPIOParameters=GPIO_ModeDefaultPP,GPIO_Speed,GPIO_PuPd,PinAttribute
PA3.GPIO_ModeDefaultPP=GPIO_MODE_AF_PP
PA3.GPIO_PuPd=GPIO_NOPULL
PA3.GPIO_Speed=GPIO_SPEED_FREQ_LOW
PA3.Mode=Asynchronous
PA3.PinAttribute=CortexM7
PA3.Signal=USART2_RX
PA4.GPIOParameters=PinAttribute
PA4.Mode=Full_Duplex_Master
PA4.PinAttribute=CortexM4
PA4.Signal=I2S1_WS
PA5.GPIOParameters=PinAttribute
PA5.Mode=Full_Duplex_Master
PA5.PinAttribute=CortexM4
PA5.Signal=I2S1_CK
PA6.GPIOParameters=PinAttribute
PA6.Mode=Full_Duplex_Master
PA6.PinAttribute=CortexM4
PA6.Signal=I2S1_SDI
PA7.GPIOParameters=PinAttribute
PA7.Mode=Full_Duplex_Master
PA7.PinAttribute=CortexM4
PA7.Signal=I2S1_SDO
PB10.GPIOParameters=GPIO_ModeDefaultPP,GPIO_Speed,GPIO_PuPd,PinAttribute
PB10.GPIO_ModeDefaultPP=GPIO_MODE_AF_PP
PB10.GPIO_PuPd=GPIO_NOPULL
PB10.GPIO_Speed=GPIO_SPEED_FREQ_LOW
PB10.Mode=Asynchronous
PB10.PinAttribute=CortexM7
PB10.Signal=USART3_TX
PB11.GPIOParameters=GPIO_ModeDefaultPP,GPIO_Speed,GPIO_PuPd,PinAttribute
PB11.GPIO_ModeDefaultPP=GPIO_MODE_AF_PP
PB11.GPIO_PuPd=GPIO_NOPULL
PB11.GPIO_Speed=GPIO_SPEED_FREQ_LOW
PB11.Mode=Asynchronous
PB11.PinAttribute=CortexM7
PB11.Signal=USART3_RX
PB3\ (JTDO/TRACESWO).GPIOParameters=PinAttribute
PB3\ (JTDO/TRACESWO).Mode=Trace_Asynchronous_SW
PB3\ (JTDO/TRACESWO).PinAttribute=CortexM7
PB3\ (JTDO/TRACESWO).Signal=DEBUG_JTDO-SWO
PC0.GPIOParameters=PinAttribute
PC0.Mode=SAI_B_MasterWithClock
PC0.PinAttribute=CortexM4
PC0.Signal=SAI2_FS_B
PD11.GPIOParameters=PinAttribute
PD11.Mode=SAI_A_MasterWithClock
PD11.PinAttribute=CortexM4
PD11.Signal=SAI2_SD_A
PD12.GPIOParameters=PinAttribute
PD12.Mode=SAI_A_MasterWithClock
PD12.PinAttribute=CortexM4
PD12.Signal=SAI2_FS_A
PD13.GPIOParameters=PinAttribute
PD13.Mode=SAI_A_MasterWithClock
PD13.PinAttribute=CortexM4
PD13.Signal=SAI2_SCK_A
PE0.GPIOParameters=PinAttribute
PE0.Mode=SAI_A_MasterWithClock
PE0.PinAttribute=CortexM4
PE0.Signal=SAI2_MCLK_A
PE12.GPIOParameters=PinAttribute
PE12.Mode=SAI_B_MasterWithClock
PE12.PinAttribute=CortexM4
PE12.Signal=SAI2_SCK_B
PE2.GPIOParameters=GPIO_Speed,GPIO_PuPd,PinAttribute,GPIO_Mode
PE2.GPIO_Mode=GPIO_MODE_AF_PP
PE2.GPIO_PuPd=GPIO_NOPULL
PE2.GPIO_Speed=GPIO_SPEED_FREQ_LOW
PE2.Mode=SAI_A_MasterWithClock
PE2.PinAttribute=CortexM4
PE2.Signal=SAI1_MCLK_A
PE3.GPIOParameters=GPIO_Speed,GPIO_PuPd,PinAttribute,GPIO_Mode
PE3.GPIO_Mode=GPIO_MODE_AF_PP
PE3.GPIO_PuPd=GPIO_NOPULL
PE3.GPIO_Speed=GPIO_SPEED_FREQ_LOW
PE3.Mode=SAI_B_MasterWithClock
PE3.PinAttribute=CortexM4
PE3.Signal=SAI1_SD_B
PE4.GPIOParameters=GPIO_Speed,GPIO_PuPd,PinAttribute,GPIO_Mode
PE4.GPIO_Mode=GPIO_MODE_AF_PP
PE4.GPIO_PuPd=GPIO_NOPULL
PE4.GPIO_Speed=GPIO_SPEED_FREQ_LOW
PE4.Mode=SAI_A_MasterWithClock
PE4.PinAttribute=CortexM4
PE4.Signal=SAI1_FS_A
PE5.GPIOParameters=GPIO_Speed,GPIO_PuPd,PinAttribute,GPIO_Mode
PE5.GPIO_Mode=GPIO_MODE_AF_PP
PE5.GPIO_PuPd=GPIO_NOPULL
PE5.GPIO_Speed=GPIO_SPEED_FREQ_LOW
PE5.Mode=SAI_A_MasterWithClock
PE5.PinAttribute=CortexM4
PE5.Signal=SAI1_SCK_A
PE6.GPIOParameters=GPIO_Speed,GPIO_PuPd,PinAttribute,GPIO_Mode
PE6.GPIO_Mode=GPIO_MODE_AF_PP
PE6.GPIO_PuPd=GPIO_NOPULL
PE6.GPIO_Speed=GPIO_SPEED_FREQ_LOW
PE6.Mode=SAI_A_MasterWithClock
PE6.PinAttribute=CortexM4
PE6.Signal=SAI1_SD_A
PF14.GPIOParameters=GPIO_Speed,GPIO_PuPd,GPIO_Mode,PinAttribute
PF14.GPIO_Mode=GPIO_MODE_AF_OD
PF14.GPIO_PuPd=GPIO_NOPULL
PF14.GPIO_Speed=GPIO_SPEED_FREQ_LOW
PF14.Mode=I2C
PF14.PinAttribute=CortexM4
PF14.Signal=I2C4_SCL
PF15.GPIOParameters=GPIO_Speed,GPIO_PuPd,GPIO_Mode,PinAttribute
PF15.GPIO_Mode=GPIO_MODE_AF_OD
PF15.GPIO_PuPd=GPIO_NOPULL
PF15.GPIO_Speed=GPIO_SPEED_FREQ_LOW
PF15.Mode=I2C
PF15.PinAttribute=CortexM4
PF15.Signal=I2C4_SDA
PF7.GPIOParameters=PinAttribute
PF7.Mode=SAI_B_MasterWithClock
PF7.PinAttribute=CortexM4
PF7.Signal=SAI1_MCLK_B
PF8.GPIOParameters=PinAttribute
PF8.Mode=SAI_B_MasterWithClock
PF8.PinAttribute=CortexM4
PF8.Signal=SAI1_SCK_B
PF9.GPIOParameters=PinAttribute
PF9.Mode=SAI_B_MasterWithClock
PF9.PinAttribute=CortexM4
PF9.Signal=SAI1_FS_B
PH0-OSC_IN\ (PH0).GPIOParameters=PinAttribute
PH0-OSC_IN\ (PH0).Mode=HSE-External-Clock-Source
PH0-OSC_IN\ (PH0).PinAttribute=CortexM7
PH0-OSC_IN\ (PH0).Signal=RCC_OSC_IN
PinOutPanel.RotationAngle=0
ProjectManager.AskForMigrate=true
ProjectManager.BackupPrevious=false
ProjectManager.BootMode=boot0
ProjectManager.CompilerOptimize=6
ProjectManager.ComputerToolchain=false
ProjectManager.CoupleFile=false
ProjectManager.CustomerFirmwarePackage=
ProjectManager.DefaultFWLocation=true
ProjectManager.DeletePrevious=true
ProjectManager.DeviceId=STM32H747IITx
ProjectManager.FirmwarePackage=STM32Cube FW_H7 V1.8.0
ProjectManager.FreePins=false
ProjectManager.HalAssertFull=false
ProjectManager.HeapSize=0x200
ProjectManager.KeepUserCode=true
ProjectManager.LastFirmware=true
ProjectManager.LibraryCopy=1
ProjectManager.MainLocation=Core/Src
ProjectManager.NoMain=false
ProjectManager.PreviousToolchain=SW4STM32
ProjectManager.ProjectBuild=false
ProjectManager.ProjectFileName=test_codec.ioc
ProjectManager.ProjectName=test_codec
ProjectManager.RegisterCallBack=
ProjectManager.StackSize=0x400
ProjectManager.TargetToolchain=SW4STM32
ProjectManager.ToolChainLocation=
ProjectManager.UnderRoot=true
ProjectManager.functionlistsort=1-MX_GPIO_Init-GPIO-false-HAL-true-CortexM7,2-SystemClock_Config-RCC-false-HAL-false-CortexM7,3-MX_USART2_UART_Init-USART2-true-HAL-false-CortexM7,4-MX_USART3_UART_Init-USART3-true-HAL-false-CortexM7,1-MX_GPIO_Init-GPIO-false-HAL-true-CortexM4,2-MX_I2C4_Init-I2C4-true-HAL-false-CortexM4,3-MX_I2S1_Init-I2S1-true-HAL-false-CortexM4,4-MX_SAI1_Init-SAI1-true-HAL-false-CortexM4,5-MX_SAI2_Init-SAI2-false-HAL-true-CortexM4,0-MX_CORTEX_M7_Init-CORTEX_M7-false-HAL-true-CortexM7,0-MX_CORTEX_M4_Init-CORTEX_M4-false-HAL-true-CortexM4
RCC.ADCFreq_Value=129000000
RCC.AHB12Freq_Value=64000000
RCC.AHB4Freq_Value=64000000
RCC.APB1Freq_Value=64000000
RCC.APB2Freq_Value=64000000
RCC.APB3Freq_Value=64000000
RCC.APB4Freq_Value=64000000
RCC.AXIClockFreq_Value=64000000
RCC.CECFreq_Value=32000
RCC.CKPERFreq_Value=64000000
RCC.CPU2Freq_Value=64000000
RCC.CPU2SystikFreq_Value=64000000
RCC.CortexFreq_Value=64000000
RCC.CpuClockFreq_Value=64000000
RCC.D1CPREFreq_Value=64000000
RCC.DFSDMACLkFreq_Value=129000000
RCC.DFSDMFreq_Value=64000000
RCC.DIVP1Freq_Value=129000000
RCC.DIVP2Freq_Value=129000000
RCC.DIVP3Freq_Value=129000000
RCC.DIVQ1Freq_Value=129000000
RCC.DIVQ2Freq_Value=129000000
RCC.DIVQ3Freq_Value=129000000
RCC.DIVR1Freq_Value=129000000
RCC.DIVR2Freq_Value=129000000
RCC.DIVR3Freq_Value=129000000
RCC.DSIFreq_Value=62500000
RCC.DSITXEscFreq_Value=15625000
RCC.FDCANFreq_Value=129000000
RCC.FMCFreq_Value=64000000
RCC.FamilyName=M
RCC.HCLK3ClockFreq_Value=64000000
RCC.HCLKFreq_Value=64000000
RCC.HRTIMFreq_Value=64000000
RCC.I2C123Freq_Value=64000000
RCC.I2C4Freq_Value=64000000
RCC.IPParameters=ADCFreq_Value,AHB12Freq_Value,AHB4Freq_Value,APB1Freq_Value,APB2Freq_Value,APB3Freq_Value,APB4Freq_Value,AXIClockFreq_Value,CECFreq_Value,CKPERFreq_Value,CPU2Freq_Value,CPU2SystikFreq_Value,CortexFreq_Value,CpuClockFreq_Value,D1CPREFreq_Value,DFSDMACLkFreq_Value,DFSDMFreq_Value,DIVP1Freq_Value,DIVP2Freq_Value,DIVP3Freq_Value,DIVQ1Freq_Value,DIVQ2Freq_Value,DIVQ3Freq_Value,DIVR1Freq_Value,DIVR2Freq_Value,DIVR3Freq_Value,DSIFreq_Value,DSITXEscFreq_Value,FDCANFreq_Value,FMCFreq_Value,FamilyName,HCLK3ClockFreq_Value,HCLKFreq_Value,HRTIMFreq_Value,I2C123Freq_Value,I2C4Freq_Value,LPTIM1Freq_Value,LPTIM2Freq_Value,LPTIM345Freq_Value,LPUART1Freq_Value,LTDCFreq_Value,MCO1PinFreq_Value,MCO2PinFreq_Value,PLLDSIVCOFreq_Value,QSPIFreq_Value,RNGFreq_Value,RTCFreq_Value,SAI1Freq_Value,SAI23Freq_Value,SAI4AFreq_Value,SAI4BFreq_Value,SDMMCFreq_Value,SPDIFRXFreq_Value,SPI123Freq_Value,SPI45Freq_Value,SPI6Freq_Value,SWPMI1Freq_Value,SYSCLKFreq_VALUE,Tim1OutputFreq_Value,Tim2OutputFreq_Value,TraceFreq_Value,USART16Freq_Value,USART234578Freq_Value,USBFreq_Value,VCO1OutputFreq_Value,VCO2OutputFreq_Value,VCO3OutputFreq_Value,VCOInput1Freq_Value,VCOInput2Freq_Value,VCOInput3Freq_Value
RCC.LPTIM1Freq_Value=64000000
RCC.LPTIM2Freq_Value=64000000
RCC.LPTIM345Freq_Value=64000000
RCC.LPUART1Freq_Value=64000000
RCC.LTDCFreq_Value=129000000
RCC.MCO1PinFreq_Value=64000000
RCC.MCO2PinFreq_Value=64000000
RCC.PLLDSIVCOFreq_Value=1000000000
RCC.QSPIFreq_Value=64000000
RCC.RNGFreq_Value=48000000
RCC.RTCFreq_Value=32000
RCC.SAI1Freq_Value=129000000
RCC.SAI23Freq_Value=129000000
RCC.SAI4AFreq_Value=129000000
RCC.SAI4BFreq_Value=129000000
RCC.SDMMCFreq_Value=129000000
RCC.SPDIFRXFreq_Value=129000000
RCC.SPI123Freq_Value=129000000
RCC.SPI45Freq_Value=64000000
RCC.SPI6Freq_Value=64000000
RCC.SWPMI1Freq_Value=64000000
RCC.SYSCLKFreq_VALUE=64000000
RCC.Tim1OutputFreq_Value=64000000
RCC.Tim2OutputFreq_Value=64000000
RCC.TraceFreq_Value=64000000
RCC.USART16Freq_Value=64000000
RCC.USART234578Freq_Value=64000000
RCC.USBFreq_Value=129000000
RCC.VCO1OutputFreq_Value=258000000
RCC.VCO2OutputFreq_Value=258000000
RCC.VCO3OutputFreq_Value=258000000
RCC.VCOInput1Freq_Value=2000000
RCC.VCOInput2Freq_Value=2000000
RCC.VCOInput3Freq_Value=2000000
SAI1.ErrorAudioFreq-SAI_A_MasterWithClock=31.22 %
SAI1.ErrorAudioFreq-SAI_B_MasterWithClock=31.22 %
SAI1.IPParameters=Instance-SAI_A_MasterWithClock,VirtualMode-SAI_A_MasterWithClock,MClockEnable-SAI_A_MasterWithClock,RealAudioFreq-SAI_A_MasterWithClock,ErrorAudioFreq-SAI_A_MasterWithClock,InitProtocol-SAI_A_MasterWithClock,VirtualProtocol-SAI_A_BASIC,VirtualProtocol-SAI_B_BASIC,Instance-SAI_B_MasterWithClock,VirtualMode-SAI_B_MasterWithClock,MClockEnable-SAI_B_MasterWithClock,InitProtocol-SAI_B_MasterWithClock,RealAudioFreq-SAI_B_MasterWithClock,ErrorAudioFreq-SAI_B_MasterWithClock
SAI1.InitProtocol-SAI_A_MasterWithClock=Enable
SAI1.InitProtocol-SAI_B_MasterWithClock=Enable
SAI1.Instance-SAI_A_MasterWithClock=SAI$Index_Block_A
SAI1.Instance-SAI_B_MasterWithClock=SAI$Index_Block_B
SAI1.MClockEnable-SAI_A_MasterWithClock=SAI_MASTERCLOCK_ENABLE
SAI1.MClockEnable-SAI_B_MasterWithClock=SAI_MASTERCLOCK_ENABLE
SAI1.RealAudioFreq-SAI_A_MasterWithClock=251.953 KHz
SAI1.RealAudioFreq-SAI_B_MasterWithClock=251.953 KHz
SAI1.VirtualMode-SAI_A_MasterWithClock=VM_MASTER
SAI1.VirtualMode-SAI_B_MasterWithClock=VM_MASTER
SAI1.VirtualProtocol-SAI_A_BASIC=VM_BASIC_PROTOCOL
SAI1.VirtualProtocol-SAI_B_BASIC=VM_BASIC_PROTOCOL
SAI2.ErrorAudioFreq-SAI_A_MasterWithClock=31.22 %
SAI2.ErrorAudioFreq-SAI_B_MasterWithClock=31.22 %
SAI2.IPParameters=Instance-SAI_A_MasterWithClock,VirtualMode-SAI_A_MasterWithClock,MClockEnable-SAI_A_MasterWithClock,RealAudioFreq-SAI_A_MasterWithClock,ErrorAudioFreq-SAI_A_MasterWithClock,Instance-SAI_B_MasterWithClock,VirtualMode-SAI_B_MasterWithClock,MClockEnable-SAI_B_MasterWithClock,RealAudioFreq-SAI_B_MasterWithClock,ErrorAudioFreq-SAI_B_MasterWithClock
SAI2.Instance-SAI_A_MasterWithClock=SAI$Index_Block_A
SAI2.Instance-SAI_B_MasterWithClock=SAI$Index_Block_B
SAI2.MClockEnable-SAI_A_MasterWithClock=SAI_MASTERCLOCK_ENABLE
SAI2.MClockEnable-SAI_B_MasterWithClock=SAI_MASTERCLOCK_ENABLE
SAI2.RealAudioFreq-SAI_A_MasterWithClock=251.953 KHz
SAI2.RealAudioFreq-SAI_B_MasterWithClock=251.953 KHz
SAI2.VirtualMode-SAI_A_MasterWithClock=VM_MASTER
SAI2.VirtualMode-SAI_B_MasterWithClock=VM_MASTER
USART2.IPParameters=VirtualMode-Asynchronous
USART2.VirtualMode-Asynchronous=VM_ASYNC
USART3.IPParameters=VirtualMode-Asynchronous
USART3.VirtualMode-Asynchronous=VM_ASYNC
VP_SAI1_VP_$IpInstance_SAIA_SAI_BASIC.Mode=SAI_A_BASIC
VP_SAI1_VP_$IpInstance_SAIA_SAI_BASIC.Signal=SAI1_VP_$IpInstance_SAIA_SAI_BASIC
VP_SAI1_VP_$IpInstance_SAIB_SAI_BASIC.Mode=SAI_B_BASIC
VP_SAI1_VP_$IpInstance_SAIB_SAI_BASIC.Signal=SAI1_VP_$IpInstance_SAIB_SAI_BASIC
VP_SYS_M4_VS_Systick.Mode=SysTick
VP_SYS_M4_VS_Systick.Signal=SYS_M4_VS_Systick
VP_SYS_VS_Systick.Mode=SysTick
VP_SYS_VS_Systick.Signal=SYS_VS_Systick
board=custom
